
Microsoft Visual Studio Solution File, Format Version 12.00
# Visual Studio 15
VisualStudioVersion = 15.0.28307.168
MinimumVisualStudioVersion = 10.0.40219.1
Project("{FAE04EC0-301F-11D3-BF4B-00C04F79EFBC}") = "maininterface", "maininterface\maininterface.csproj", "{4273202A-39F4-493A-8CE5-2D10512549D6}"
EndProject
Project("{FAE04EC0-301F-11D3-BF4B-00C04F79EFBC}") = "interfaceclasses", "interfaceclasses\interfaceclasses.csproj", "{3693FC6B-3EE9-4DF9-B782-5ED3B67080E4}"
EndProject
Project("{FAE04EC0-301F-11D3-BF4B-00C04F79EFBC}") = "interfacedll", "interfacedll\interfacedll.csproj", "{D5405CE2-C5BA-4AEC-8A5A-422549A9386B}"
EndProject
Global
	GlobalSection(SolutionConfigurationPlatforms) = preSolution
		Debug|Any CPU = Debug|Any CPU
		Release|Any CPU = Release|Any CPU
	EndGlobalSection
	GlobalSection(ProjectConfigurationPlatforms) = postSolution
		{4273202A-39F4-493A-8CE5-2D10512549D6}.Debug|Any CPU.ActiveCfg = Debug|Any CPU
		{4273202A-39F4-493A-8CE5-2D10512549D6}.Debug|Any CPU.Build.0 = Debug|Any CPU
		{4273202A-39F4-493A-8CE5-2D10512549D6}.Release|Any CPU.ActiveCfg = Release|Any CPU
		{4273202A-39F4-493A-8CE5-2D10512549D6}.Release|Any CPU.Build.0 = Release|Any CPU
		{3693FC6B-3EE9-4DF9-B782-5ED3B67080E4}.Debug|Any CPU.ActiveCfg = Debug|Any CPU
		{3693FC6B-3EE9-4DF9-B782-5ED3B67080E4}.Debug|Any CPU.Build.0 = Debug|Any CPU
		{3693FC6B-3EE9-4DF9-B782-5ED3B67080E4}.Release|Any CPU.ActiveCfg = Release|Any CPU
		{3693FC6B-3EE9-4DF9-B782-5ED3B67080E4}.Release|Any CPU.Build.0 = Release|Any CPU
		{D5405CE2-C5BA-4AEC-8A5A-422549A9386B}.Debug|Any CPU.ActiveCfg = Debug|Any CPU
		{D5405CE2-C5BA-4AEC-8A5A-422549A9386B}.Debug|Any CPU.Build.0 = Debug|Any CPU
		{D5405CE2-C5BA-4AEC-8A5A-422549A9386B}.Release|Any CPU.ActiveCfg = Release|Any CPU
		{D5405CE2-C5BA-4AEC-8A5A-422549A9386B}.Release|Any CPU.Build.0 = Release|Any CPU
	EndGlobalSection
	GlobalSection(SolutionProperties) = preSolution
		HideSolutionNode = FALSE
	EndGlobalSection
	GlobalSection(ExtensibilityGlobals) = postSolution
		SolutionGuid = {A0AFD052-5E0B-4B20-AA55-9DDFF6B43F74}
	EndGlobalSection
EndGlobal
